// !$*UTF8*$!
{
	archiveVersion = 1;
	classes = {
	};
	objectVersion = 56;
	objects = {

/* Begin PBXBuildFile section */
		17315E642B9BA7A100DA4B66 /* RealityKitContent in Frameworks */ = {isa = PBXBuildFile; productRef = 17315E632B9BA7A100DA4B66 /* RealityKitContent */; };
		17315E662B9BA7A100DA4B66 /* CatchTheSquareApp.swift in Sources */ = {isa = PBXBuildFile; fileRef = 17315E652B9BA7A100DA4B66 /* CatchTheSquareApp.swift */; };
		17315E682B9BA7A100DA4B66 /* GameControlView.swift in Sources */ = {isa = PBXBuildFile; fileRef = 17315E672B9BA7A100DA4B66 /* GameControlView.swift */; };
		17315E6A2B9BA7A100DA4B66 /* GameView.swift in Sources */ = {isa = PBXBuildFile; fileRef = 17315E692B9BA7A100DA4B66 /* GameView.swift */; };
		17315E6C2B9BA7A300DA4B66 /* Assets.xcassets in Resources */ = {isa = PBXBuildFile; fileRef = 17315E6B2B9BA7A300DA4B66 /* Assets.xcassets */; };
		17315E6F2B9BA7A300DA4B66 /* Preview Assets.xcassets in Resources */ = {isa = PBXBuildFile; fileRef = 17315E6E2B9BA7A300DA4B66 /* Preview Assets.xcassets */; };
		17315E772B9BBA4800DA4B66 /* Game.swift in Sources */ = {isa = PBXBuildFile; fileRef = 17315E762B9BBA4800DA4B66 /* Game.swift */; };
		17315E792B9BBA6700DA4B66 /* Square.swift in Sources */ = {isa = PBXBuildFile; fileRef = 17315E782B9BBA6700DA4B66 /* Square.swift */; };
		176FFCEF2B9CF1F10022A7C3 /* ScoreView.swift in Sources */ = {isa = PBXBuildFile; fileRef = 176FFCEE2B9CF1F10022A7C3 /* ScoreView.swift */; };
		176FFCF12B9D1B6F0022A7C3 /* Score.swift in Sources */ = {isa = PBXBuildFile; fileRef = 176FFCF02B9D1B6F0022A7C3 /* Score.swift */; };
/* End PBXBuildFile section */

/* Begin PBXFileReference section */
		17315E5E2B9BA7A100DA4B66 /* CatchTheSquare.app */ = {isa = PBXFileReference; explicitFileType = wrapper.application; includeInIndex = 0; path = CatchTheSquare.app; sourceTree = BUILT_PRODUCTS_DIR; };
		17315E622B9BA7A100DA4B66 /* RealityKitContent */ = {isa = PBXFileReference; lastKnownFileType = wrapper; path = RealityKitContent; sourceTree = "<group>"; };
		17315E652B9BA7A100DA4B66 /* CatchTheSquareApp.swift */ = {isa = PBXFileReference; lastKnownFileType = sourcecode.swift; path = CatchTheSquareApp.swift; sourceTree = "<group>"; };
		17315E672B9BA7A100DA4B66 /* GameControlView.swift */ = {isa = PBXFileReference; lastKnownFileType = sourcecode.swift; path = GameControlView.swift; sourceTree = "<group>"; };
		17315E692B9BA7A100DA4B66 /* GameView.swift */ = {isa = PBXFileReference; lastKnownFileType = sourcecode.swift; path = GameView.swift; sourceTree = "<group>"; };
		17315E6B2B9BA7A300DA4B66 /* Assets.xcassets */ = {isa = PBXFileReference; lastKnownFileType = folder.assetcatalog; path = Assets.xcassets; sourceTree = "<group>"; };
		17315E6E2B9BA7A300DA4B66 /* Preview Assets.xcassets */ = {isa = PBXFileReference; lastKnownFileType = folder.assetcatalog; path = "Preview Assets.xcassets"; sourceTree = "<group>"; };
		17315E702B9BA7A300DA4B66 /* Info.plist */ = {isa = PBXFileReference; lastKnownFileType = text.plist.xml; path = Info.plist; sourceTree = "<group>"; };
		17315E762B9BBA4800DA4B66 /* Game.swift */ = {isa = PBXFileReference; lastKnownFileType = sourcecode.swift; path = Game.swift; sourceTree = "<group>"; };
		17315E782B9BBA6700DA4B66 /* Square.swift */ = {isa = PBXFileReference; lastKnownFileType = sourcecode.swift; path = Square.swift; sourceTree = "<group>"; };
		176FFCEE2B9CF1F10022A7C3 /* ScoreView.swift */ = {isa = PBXFileReference; lastKnownFileType = sourcecode.swift; path = ScoreView.swift; sourceTree = "<group>"; };
		176FFCF02B9D1B6F0022A7C3 /* Score.swift */ = {isa = PBXFileReference; lastKnownFileType = sourcecode.swift; path = Score.swift; sourceTree = "<group>"; };
/* End PBXFileReference section */

/* Begin PBXFrameworksBuildPhase section */
		17315E5B2B9BA7A100DA4B66 /* Frameworks */ = {
			isa = PBXFrameworksBuildPhase;
			buildActionMask = 2147483647;
			files = (
				17315E642B9BA7A100DA4B66 /* RealityKitContent in Frameworks */,
			);
			runOnlyForDeploymentPostprocessing = 0;
		};
/* End PBXFrameworksBuildPhase section */

/* Begin PBXGroup section */
		17315E552B9BA7A100DA4B66 = {
			isa = PBXGroup;
			children = (
				17315E602B9BA7A100DA4B66 /* CatchTheSquare */,
				17315E612B9BA7A100DA4B66 /* Packages */,
				17315E5F2B9BA7A100DA4B66 /* Products */,
			);
			sourceTree = "<group>";
		};
		17315E5F2B9BA7A100DA4B66 /* Products */ = {
			isa = PBXGroup;
			children = (
				17315E5E2B9BA7A100DA4B66 /* CatchTheSquare.app */,
			);
			name = Products;
			sourceTree = "<group>";
		};
		17315E602B9BA7A100DA4B66 /* CatchTheSquare */ = {
			isa = PBXGroup;
			children = (
				17315E652B9BA7A100DA4B66 /* CatchTheSquareApp.swift */,
				17315E672B9BA7A100DA4B66 /* GameControlView.swift */,
				17315E692B9BA7A100DA4B66 /* GameView.swift */,
				17315E762B9BBA4800DA4B66 /* Game.swift */,
				17315E782B9BBA6700DA4B66 /* Square.swift */,
				176FFCEE2B9CF1F10022A7C3 /* ScoreView.swift */,
				17315E6B2B9BA7A300DA4B66 /* Assets.xcassets */,
				17315E702B9BA7A300DA4B66 /* Info.plist */,
				17315E6D2B9BA7A300DA4B66 /* Preview Content */,
				176FFCF02B9D1B6F0022A7C3 /* Score.swift */,
			);
			path = CatchTheSquare;
			sourceTree = "<group>";
		};
		17315E612B9BA7A100DA4B66 /* Packages */ = {
			isa = PBXGroup;
			children = (
				17315E622B9BA7A100DA4B66 /* RealityKitContent */,
			);
			path = Packages;
			sourceTree = "<group>";
		};
		17315E6D2B9BA7A300DA4B66 /* Preview Content */ = {
			isa = PBXGroup;
			children = (
				17315E6E2B9BA7A300DA4B66 /* Preview Assets.xcassets */,
			);
			path = "Preview Content";
			sourceTree = "<group>";
		};
/* End PBXGroup section */

/* Begin PBXNativeTarget section */
		17315E5D2B9BA7A100DA4B66 /* CatchTheSquare */ = {
			isa = PBXNativeTarget;
			buildConfigurationList = 17315E732B9BA7A300DA4B66 /* Build configuration list for PBXNativeTarget "CatchTheSquare" */;
			buildPhases = (
				17315E5A2B9BA7A100DA4B66 /* Sources */,
				17315E5B2B9BA7A100DA4B66 /* Frameworks */,
				17315E5C2B9BA7A100DA4B66 /* Resources */,
			);
			buildRules = (
			);
			dependencies = (
			);
			name = CatchTheSquare;
			packageProductDependencies = (
				17315E632B9BA7A100DA4B66 /* RealityKitContent */,
			);
			productName = CatchTheSquare;
			productReference = 17315E5E2B9BA7A100DA4B66 /* CatchTheSquare.app */;
			productType = "com.apple.product-type.application";
		};
/* End PBXNativeTarget section */

/* Begin PBXProject section */
		17315E562B9BA7A100DA4B66 /* Project object */ = {
			isa = PBXProject;
			attributes = {
				BuildIndependentTargetsInParallel = 1;
				LastSwiftUpdateCheck = 1520;
				LastUpgradeCheck = 1520;
				TargetAttributes = {
					17315E5D2B9BA7A100DA4B66 = {
						CreatedOnToolsVersion = 15.2;
					};
				};
			};
			buildConfigurationList = 17315E592B9BA7A100DA4B66 /* Build configuration list for PBXProject "CatchTheSquare" */;
			compatibilityVersion = "Xcode 14.0";
			developmentRegion = en;
			hasScannedForEncodings = 0;
			knownRegions = (
				en,
				Base,
			);
			mainGroup = 17315E552B9BA7A100DA4B66;
			productRefGroup = 17315E5F2B9BA7A100DA4B66 /* Products */;
			projectDirPath = "";
			projectRoot = "";
			targets = (
				17315E5D2B9BA7A100DA4B66 /* CatchTheSquare */,
			);
		};
/* End PBXProject section */

/* Begin PBXResourcesBuildPhase section */
		17315E5C2B9BA7A100DA4B66 /* Resources */ = {
			isa = PBXResourcesBuildPhase;
			buildActionMask = 2147483647;
			files = (
				17315E6F2B9BA7A300DA4B66 /* Preview Assets.xcassets in Resources */,
				17315E6C2B9BA7A300DA4B66 /* Assets.xcassets in Resources */,
			);
			runOnlyForDeploymentPostprocessing = 0;
		};
/* End PBXResourcesBuildPhase section */

/* Begin PBXSourcesBuildPhase section */
		17315E5A2B9BA7A100DA4B66 /* Sources */ = {
			isa = PBXSourcesBuildPhase;
			buildActionMask = 2147483647;
			files = (
				176FFCF12B9D1B6F0022A7C3 /* Score.swift in Sources */,
				17315E682B9BA7A100DA4B66 /* GameControlView.swift in Sources */,
				17315E662B9BA7A100DA4B66 /* CatchTheSquareApp.swift in Sources */,
				17315E6A2B9BA7A100DA4B66 /* GameView.swift in Sources */,
				17315E772B9BBA4800DA4B66 /* Game.swift in Sources */,
				17315E792B9BBA6700DA4B66 /* Square.swift in Sources */,
				176FFCEF2B9CF1F10022A7C3 /* ScoreView.swift in Sources */,
			);
			runOnlyForDeploymentPostprocessing = 0;
		};
/* End PBXSourcesBuildPhase section */

/* Begin XCBuildConfiguration section */
		17315E712B9BA7A300DA4B66 /* Debug */ = {
			isa = XCBuildConfiguration;
			buildSettings = {
				ALWAYS_SEARCH_USER_PATHS = NO;
				ASSETCATALOG_COMPILER_GENERATE_SWIFT_ASSET_SYMBOL_EXTENSIONS = YES;
				CLANG_ANALYZER_NONNULL = YES;
				CLANG_ANALYZER_NUMBER_OBJECT_CONVERSION = YES_AGGRESSIVE;
				CLANG_CXX_LANGUAGE_STANDARD = "gnu++20";
				CLANG_ENABLE_MODULES = YES;
				CLANG_ENABLE_OBJC_ARC = YES;
				CLANG_ENABLE_OBJC_WEAK = YES;
				CLANG_WARN_BLOCK_CAPTURE_AUTORELEASING = YES;
				CLANG_WARN_BOOL_CONVERSION = YES;
				CLANG_WARN_COMMA = YES;
				CLANG_WARN_CONSTANT_CONVERSION = YES;
				CLANG_WARN_DEPRECATED_OBJC_IMPLEMENTATIONS = YES;
				CLANG_WARN_DIRECT_OBJC_ISA_USAGE = YES_ERROR;
				CLANG_WARN_DOCUMENTATION_COMMENTS = YES;
				CLANG_WARN_EMPTY_BODY = YES;
				CLANG_WARN_ENUM_CONVERSION = YES;
				CLANG_WARN_INFINITE_RECURSION = YES;
				CLANG_WARN_INT_CONVERSION = YES;
				CLANG_WARN_NON_LITERAL_NULL_CONVERSION = YES;
				CLANG_WARN_OBJC_IMPLICIT_RETAIN_SELF = YES;
				CLANG_WARN_OBJC_LITERAL_CONVERSION = YES;
				CLANG_WARN_OBJC_ROOT_CLASS = YES_ERROR;
				CLANG_WARN_QUOTED_INCLUDE_IN_FRAMEWORK_HEADER = YES;
				CLANG_WARN_RANGE_LOOP_ANALYSIS = YES;
				CLANG_WARN_STRICT_PROTOTYPES = YES;
				CLANG_WARN_SUSPICIOUS_MOVE = YES;
				CLANG_WARN_UNGUARDED_AVAILABILITY = YES_AGGRESSIVE;
				CLANG_WARN_UNREACHABLE_CODE = YES;
				CLANG_WARN__DUPLICATE_METHOD_MATCH = YES;
				COPY_PHASE_STRIP = NO;
				DEBUG_INFORMATION_FORMAT = dwarf;
				ENABLE_STRICT_OBJC_MSGSEND = YES;
				ENABLE_TESTABILITY = YES;
				ENABLE_USER_SCRIPT_SANDBOXING = YES;
				GCC_C_LANGUAGE_STANDARD = gnu17;
				GCC_DYNAMIC_NO_PIC = NO;
				GCC_NO_COMMON_BLOCKS = YES;
				GCC_OPTIMIZATION_LEVEL = 0;
				GCC_PREPROCESSOR_DEFINITIONS = (
					"DEBUG=1",
					"$(inherited)",
				);
				GCC_WARN_64_TO_32_BIT_CONVERSION = YES;
				GCC_WARN_ABOUT_RETURN_TYPE = YES_ERROR;
				GCC_WARN_UNDECLARED_SELECTOR = YES;
				GCC_WARN_UNINITIALIZED_AUTOS = YES_AGGRESSIVE;
				GCC_WARN_UNUSED_FUNCTION = YES;
				GCC_WARN_UNUSED_VARIABLE = YES;
				LOCALIZATION_PREFERS_STRING_CATALOGS = YES;
				MTL_ENABLE_DEBUG_INFO = INCLUDE_SOURCE;
				MTL_FAST_MATH = YES;
				ONLY_ACTIVE_ARCH = YES;
				SDKROOT = xros;
				SWIFT_ACTIVE_COMPILATION_CONDITIONS = "DEBUG $(inherited)";
				SWIFT_OPTIMIZATION_LEVEL = "-Onone";
				XROS_DEPLOYMENT_TARGET = 1.0;
			};
			name = Debug;
		};
		17315E722B9BA7A300DA4B66 /* Release */ = {
			isa = XCBuildConfiguration;
			buildSettings = {
				ALWAYS_SEARCH_USER_PATHS = NO;
				ASSETCATALOG_COMPILER_GENERATE_SWIFT_ASSET_SYMBOL_EXTENSIONS = YES;
				CLANG_ANALYZER_NONNULL = YES;
				CLANG_ANALYZER_NUMBER_OBJECT_CONVERSION = YES_AGGRESSIVE;
				CLANG_CXX_LANGUAGE_STANDARD = "gnu++20";
				CLANG_ENABLE_MODULES = YES;
				CLANG_ENABLE_OBJC_ARC = YES;
				CLANG_ENABLE_OBJC_WEAK = YES;
				CLANG_WARN_BLOCK_CAPTURE_AUTORELEASING = YES;
				CLANG_WARN_BOOL_CONVERSION = YES;
				CLANG_WARN_COMMA = YES;
				CLANG_WARN_CONSTANT_CONVERSION = YES;
				CLANG_WARN_DEPRECATED_OBJC_IMPLEMENTATIONS = YES;
				CLANG_WARN_DIRECT_OBJC_ISA_USAGE = YES_ERROR;
				CLANG_WARN_DOCUMENTATION_COMMENTS = YES;
				CLANG_WARN_EMPTY_BODY = YES;
				CLANG_WARN_ENUM_CONVERSION = YES;
				CLANG_WARN_INFINITE_RECURSION = YES;
				CLANG_WARN_INT_CONVERSION = YES;
				CLANG_WARN_NON_LITERAL_NULL_CONVERSION = YES;
				CLANG_WARN_OBJC_IMPLICIT_RETAIN_SELF = YES;
				CLANG_WARN_OBJC_LITERAL_CONVERSION = YES;
				CLANG_WARN_OBJC_ROOT_CLASS = YES_ERROR;
				CLANG_WARN_QUOTED_INCLUDE_IN_FRAMEWORK_HEADER = YES;
				CLANG_WARN_RANGE_LOOP_ANALYSIS = YES;
				CLANG_WARN_STRICT_PROTOTYPES = YES;
				CLANG_WARN_SUSPICIOUS_MOVE = YES;
				CLANG_WARN_UNGUARDED_AVAILABILITY = YES_AGGRESSIVE;
				CLANG_WARN_UNREACHABLE_CODE = YES;
				CLANG_WARN__DUPLICATE_METHOD_MATCH = YES;
				COPY_PHASE_STRIP = NO;
				DEBUG_INFORMATION_FORMAT = "dwarf-with-dsym";
				ENABLE_NS_ASSERTIONS = NO;
				ENABLE_STRICT_OBJC_MSGSEND = YES;
				ENABLE_USER_SCRIPT_SANDBOXING = YES;
				GCC_C_LANGUAGE_STANDARD = gnu17;
				GCC_NO_COMMON_BLOCKS = YES;
				GCC_WARN_64_TO_32_BIT_CONVERSION = YES;
				GCC_WARN_ABOUT_RETURN_TYPE = YES_ERROR;
				GCC_WARN_UNDECLARED_SELECTOR = YES;
				GCC_WARN_UNINITIALIZED_AUTOS = YES_AGGRESSIVE;
				GCC_WARN_UNUSED_FUNCTION = YES;
				GCC_WARN_UNUSED_VARIABLE = YES;
				LOCALIZATION_PREFERS_STRING_CATALOGS = YES;
				MTL_ENABLE_DEBUG_INFO = NO;
				MTL_FAST_MATH = YES;
				SDKROOT = xros;
				SWIFT_COMPILATION_MODE = wholemodule;
				VALIDATE_PRODUCT = YES;
				XROS_DEPLOYMENT_TARGET = 1.0;
			};
			name = Release;
		};
		17315E742B9BA7A300DA4B66 /* Debug */ = {
			isa = XCBuildConfiguration;
			buildSettings = {
				ASSETCATALOG_COMPILER_APPICON_NAME = AppIcon;
				ASSETCATALOG_COMPILER_GLOBAL_ACCENT_COLOR_NAME = AccentColor;
				CODE_SIGN_STYLE = Automatic;
				CURRENT_PROJECT_VERSION = 1;
				DEVELOPMENT_ASSET_PATHS = "\"CatchTheSquare/Preview Content\"";
				DEVELOPMENT_TEAM = D3D2BJZUS3;
				ENABLE_PREVIEWS = YES;
				GENERATE_INFOPLIST_FILE = YES;
				INFOPLIST_FILE = "$(TARGET_NAME)/Info.plist";
				LD_RUNPATH_SEARCH_PATHS = (
					"$(inherited)",
					"@executable_path/Frameworks",
				);
				MARKETING_VERSION = 1.4;
				PRODUCT_BUNDLE_IDENTIFIER = com.samhodak.CatchTheSquare;
				PRODUCT_NAME = "$(TARGET_NAME)";
				SUPPORTED_PLATFORMS = "xros xrsimulator";
				SWIFT_EMIT_LOC_STRINGS = YES;
				SWIFT_VERSION = 5.0;
				TARGETED_DEVICE_FAMILY = "1,2,7";
			};
			name = Debug;
		};
		17315E752B9BA7A300DA4B66 /* Release */ = {
			isa = XCBuildConfiguration;
			buildSettings = {
				ASSETCATALOG_COMPILER_APPICON_NAME = AppIcon;
				ASSETCATALOG_COMPILER_GLOBAL_ACCENT_COLOR_NAME = AccentColor;
				CODE_SIGN_STYLE = Automatic;
				CURRENT_PROJECT_VERSION = 1;
				DEVELOPMENT_ASSET_PATHS = "\"CatchTheSquare/Preview Content\"";
				DEVELOPMENT_TEAM = D3D2BJZUS3;
				ENABLE_PREVIEWS = YES;
				GENERATE_INFOPLIST_FILE = YES;
				INFOPLIST_FILE = "$(TARGET_NAME)/Info.plist";
				LD_RUNPATH_SEARCH_PATHS = (
					"$(inherited)",
					"@executable_path/Frameworks",
				);
				MARKETING_VERSION = 1.4;
				PRODUCT_BUNDLE_IDENTIFIER = com.samhodak.CatchTheSquare;
				PRODUCT_NAME = "$(TARGET_NAME)";
				SUPPORTED_PLATFORMS = "xros xrsimulator";
				SWIFT_EMIT_LOC_STRINGS = YES;
				SWIFT_VERSION = 5.0;
				TARGETED_DEVICE_FAMILY = "1,2,7";
			};
			name = Release;
		};
/* End XCBuildConfiguration section */

/* Begin XCConfigurationList section */
		17315E592B9BA7A100DA4B66 /* Build configuration list for PBXProject "CatchTheSquare" */ = {
			isa = XCConfigurationList;
			buildConfigurations = (
				17315E712B9BA7A300DA4B66 /* Debug */,
				17315E722B9BA7A300DA4B66 /* Release */,
			);
			defaultConfigurationIsVisible = 0;
			defaultConfigurationName = Release;
		};
		17315E732B9BA7A300DA4B66 /* Build configuration list for PBXNativeTarget "CatchTheSquare" */ = {
			isa = XCConfigurationList;
			buildConfigurations = (
				17315E742B9BA7A300DA4B66 /* Debug */,
				17315E752B9BA7A300DA4B66 /* Release */,
			);
			defaultConfigurationIsVisible = 0;
			defaultConfigurationName = Release;
		};
/* End XCConfigurationList section */

/* Begin XCSwiftPackageProductDependency section */
		17315E632B9BA7A100DA4B66 /* RealityKitContent */ = {
			isa = XCSwiftPackageProductDependency;
			productName = RealityKitContent;
		};
/* End XCSwiftPackageProductDependency section */
	};
	rootObject = 17315E562B9BA7A100DA4B66 /* Project object */;
}
